# @generated - this file is auto-generated by `mise lock` https://mise.jdx.dev/dev-tools/mise-lock.html

[[tools.python]]
version = "3.12.3"
backend = "core:python"

[tools.python."platforms.linux-x64"]
checksum = "sha256:a73ba777b5d55ca89edef709e6b8521e3f3d4289581f174c8699adfb608d09d6"
url = "https://github.com/astral-sh/python-build-standalone/releases/download/20240415/cpython-3.12.3+20240415-x86_64-unknown-linux-gnu-install_only.tar.gz"
provenance = "github-attestations"

[tools.python."platforms.macos-arm64"]
checksum = "sha256:ccc40e5af329ef2af81350db2a88bbd6c17b56676e82d62048c15d548401519e"
url = "https://github.com/astral-sh/python-build-standalone/releases/download/20240415/cpython-3.12.3+20240415-aarch64-apple-darwin-install_only.tar.gz"
provenance = "github-attestations"

[[tools.uv]]
version = "0.11.24"
backend = "aqua:astral-sh/uv"

[tools.uv."platforms.linux-x64"]
checksum = "sha256:2f9eaa976cf8ad8574623dde6916fb87ec047524fe65b99dc11e44e33eae4bfb"
url = "https://github.com/astral-sh/uv/releases/download/0.11.24/uv-x86_64-unknown-linux-musl.tar.gz"
url_api = "https://api.github.com/repos/astral-sh/uv/releases/assets/455977416"
provenance = "github-attestations"

[tools.uv."platforms.macos-arm64"]
checksum = "sha256:7578c6087c5cd76981732b1f5d126248101faebdf81016ba780a65ce03653cdf"
url = "https://github.com/astral-sh/uv/releases/download/0.11.24/uv-aarch64-apple-darwin.tar.gz"
url_api = "https://api.github.com/repos/astral-sh/uv/releases/assets/455977339"
provenance = "github-attestations"
